
Microsoft Visual Studio Solution File, Format Version 12.00
# Visual Studio 2012
Project("{FAE04EC0-301F-11D3-BF4B-00C04F79EFBC}") = "VideoSaver", "WindowsFormsApplication1\VideoSaver.csproj", "{CA207877-EFFF-42B5-9751-CA5C83EDB782}"
EndProject
Global
	GlobalSection(SolutionConfigurationPlatforms) = preSolution
		Debug|Any CPU = Debug|Any CPU
		Release|Any CPU = Release|Any CPU
	EndGlobalSection
	GlobalSection(ProjectConfigurationPlatforms) = postSolution
		{CA207877-EFFF-42B5-9751-CA5C83EDB782}.Debug|Any CPU.ActiveCfg = Debug|Any CPU
		{CA207877-EFFF-42B5-9751-CA5C83EDB782}.Debug|Any CPU.Build.0 = Debug|Any CPU
		{CA207877-EFFF-42B5-9751-CA5C83EDB782}.Release|Any CPU.ActiveCfg = Release|Any CPU
		{CA207877-EFFF-42B5-9751-CA5C83EDB782}.Release|Any CPU.Build.0 = Release|Any CPU
	EndGlobalSection
	GlobalSection(SolutionProperties) = preSolution
		HideSolutionNode = FALSE
	EndGlobalSection
EndGlobal
